Microsoft Visual Studio Solution File, Format Version 8.00
Project("{8BC9CEB8-8B4A-11D0-8D11-00A0C91BC942}") = "sdatext", "sdatext.vcproj", "{363A97B3-014D-46FE-9A88-EA33C7D6E07B}"
	ProjectSection(ProjectDependencies) = postProject
	EndProjectSection
EndProject
Global
	GlobalSection(SolutionConfiguration) = preSolution
		Debug = Debug
		Release = Release
	EndGlobalSection
	GlobalSection(ProjectConfiguration) = postSolution
		{363A97B3-014D-46FE-9A88-EA33C7D6E07B}.Debug.ActiveCfg = Debug|Win32
		{363A97B3-014D-46FE-9A88-EA33C7D6E07B}.Debug.Build.0 = Debug|Win32
		{363A97B3-014D-46FE-9A88-EA33C7D6E07B}.Release.ActiveCfg = Release|Win32
		{363A97B3-014D-46FE-9A88-EA33C7D6E07B}.Release.Build.0 = Release|Win32
	EndGlobalSection
	GlobalSection(ExtensibilityGlobals) = postSolution
	EndGlobalSection
	GlobalSection(ExtensibilityAddIns) = postSolution
	EndGlobalSection
EndGlobal
